
Microsoft Visual Studio Solution File, Format Version 12.00
# Visual Studio Version 17
VisualStudioVersion = 17.6.33712.159
MinimumVisualStudioVersion = 10.0.40219.1
Project("{FAE04EC0-301F-11D3-BF4B-00C04F79EFBC}") = "SelfWork", "SelfWork.csproj", "{F48394D1-3915-4B45-88DB-D682DF925A9C}"
EndProject
Global
	GlobalSection(SolutionConfigurationPlatforms) = preSolution
		Debug|Any CPU = Debug|Any CPU
		Release|Any CPU = Release|Any CPU
	EndGlobalSection
	GlobalSection(ProjectConfigurationPlatforms) = postSolution
		{F48394D1-3915-4B45-88DB-D682DF925A9C}.Debug|Any CPU.ActiveCfg = Debug|Any CPU
		{F48394D1-3915-4B45-88DB-D682DF925A9C}.Debug|Any CPU.Build.0 = Debug|Any CPU
		{F48394D1-3915-4B45-88DB-D682DF925A9C}.Release|Any CPU.ActiveCfg = Release|Any CPU
		{F48394D1-3915-4B45-88DB-D682DF925A9C}.Release|Any CPU.Build.0 = Release|Any CPU
	EndGlobalSection
	GlobalSection(SolutionProperties) = preSolution
		HideSolutionNode = FALSE
	EndGlobalSection
	GlobalSection(ExtensibilityGlobals) = postSolution
		SolutionGuid = {5CF69715-6D41-4B9E-A5A5-163406995D9B}
	EndGlobalSection
EndGlobal
